
Microsoft Visual Studio Solution File, Format Version 12.00
# Visual Studio 15
VisualStudioVersion = 15.0.28307.106
MinimumVisualStudioVersion = 10.0.40219.1
Project("{2150E333-8FDC-42A3-9474-1A3956D46DE8}") = "src", "src", "{FC472BB4-2CFB-4F09-AEBF-2DA22E9EEB29}"
EndProject
Project("{2150E333-8FDC-42A3-9474-1A3956D46DE8}") = "test", "test", "{EA56EDCA-41DB-4F81-ACBA-2E191B3AA183}"
EndProject
Project("{FAE04EC0-301F-11D3-BF4B-00C04F79EFBC}") = "Wappa.Api", "src\Wappa.Api\Wappa.Api.csproj", "{BBED41E2-00AE-4D95-9A6B-B84250034293}"
EndProject
Project("{FAE04EC0-301F-11D3-BF4B-00C04F79EFBC}") = "Wappa.Application", "src\Wappa.Application\Wappa.Application.csproj", "{0B53E2E6-0F5D-47B5-9A9F-D33E8AC6A8B0}"
EndProject
Project("{FAE04EC0-301F-11D3-BF4B-00C04F79EFBC}") = "Wappa.Infra.CrossCutting", "src\Wappa.CrossCutting\Wappa.Infra.CrossCutting.csproj", "{924CB8B4-98F9-4EE9-89B6-45FB5E1CB842}"
EndProject
Project("{FAE04EC0-301F-11D3-BF4B-00C04F79EFBC}") = "Wappa.Domain", "src\Wappa.Domain\Wappa.Domain.csproj", "{23926EC6-72D7-487D-A98F-4C1F57B2F74F}"
EndProject
Project("{FAE04EC0-301F-11D3-BF4B-00C04F79EFBC}") = "Wappa.Test", "Wappa.Test\Wappa.Test.csproj", "{7427F7E3-ED24-4582-A819-0167966BE050}"
EndProject
Project("{FAE04EC0-301F-11D3-BF4B-00C04F79EFBC}") = "Wappa.Infra.Ioc", "src\Wappa.Infra.Configuration\Wappa.Infra.Ioc.csproj", "{A5CAA9D3-B61E-4EF3-9357-7E6518C2F834}"
EndProject
Project("{FAE04EC0-301F-11D3-BF4B-00C04F79EFBC}") = "Wappa.Infra.Data", "src\Wappa.Infra.Data\Wappa.Infra.Data.csproj", "{93008A7F-A6E4-46AA-8007-7DF9468D2CBF}"
EndProject
Project("{2150E333-8FDC-42A3-9474-1A3956D46DE8}") = "Infra", "Infra", "{EF863500-D574-4005-855D-D5BEF86715DB}"
EndProject
Project("{2150E333-8FDC-42A3-9474-1A3956D46DE8}") = "api", "api", "{6E520543-CB18-41ED-BA6D-E14C174DF5CC}"
EndProject
Project("{2150E333-8FDC-42A3-9474-1A3956D46DE8}") = "Domain", "Domain", "{73B5B323-AE78-4FFD-ABF7-1E7989D9A8D9}"
EndProject
Project("{2150E333-8FDC-42A3-9474-1A3956D46DE8}") = "Application", "Application", "{B8EBBC82-31B4-4428-82B7-0946698952B4}"
EndProject
Global
	GlobalSection(SolutionConfigurationPlatforms) = preSolution
		Debug|Any CPU = Debug|Any CPU
		Release|Any CPU = Release|Any CPU
	EndGlobalSection
	GlobalSection(ProjectConfigurationPlatforms) = postSolution
		{BBED41E2-00AE-4D95-9A6B-B84250034293}.Debug|Any CPU.ActiveCfg = Debug|Any CPU
		{BBED41E2-00AE-4D95-9A6B-B84250034293}.Debug|Any CPU.Build.0 = Debug|Any CPU
		{BBED41E2-00AE-4D95-9A6B-B84250034293}.Release|Any CPU.ActiveCfg = Release|Any CPU
		{BBED41E2-00AE-4D95-9A6B-B84250034293}.Release|Any CPU.Build.0 = Release|Any CPU
		{0B53E2E6-0F5D-47B5-9A9F-D33E8AC6A8B0}.Debug|Any CPU.ActiveCfg = Debug|Any CPU
		{0B53E2E6-0F5D-47B5-9A9F-D33E8AC6A8B0}.Debug|Any CPU.Build.0 = Debug|Any CPU
		{0B53E2E6-0F5D-47B5-9A9F-D33E8AC6A8B0}.Release|Any CPU.ActiveCfg = Release|Any CPU
		{0B53E2E6-0F5D-47B5-9A9F-D33E8AC6A8B0}.Release|Any CPU.Build.0 = Release|Any CPU
		{924CB8B4-98F9-4EE9-89B6-45FB5E1CB842}.Debug|Any CPU.ActiveCfg = Debug|Any CPU
		{924CB8B4-98F9-4EE9-89B6-45FB5E1CB842}.Debug|Any CPU.Build.0 = Debug|Any CPU
		{924CB8B4-98F9-4EE9-89B6-45FB5E1CB842}.Release|Any CPU.ActiveCfg = Release|Any CPU
		{924CB8B4-98F9-4EE9-89B6-45FB5E1CB842}.Release|Any CPU.Build.0 = Release|Any CPU
		{23926EC6-72D7-487D-A98F-4C1F57B2F74F}.Debug|Any CPU.ActiveCfg = Debug|Any CPU
		{23926EC6-72D7-487D-A98F-4C1F57B2F74F}.Debug|Any CPU.Build.0 = Debug|Any CPU
		{23926EC6-72D7-487D-A98F-4C1F57B2F74F}.Release|Any CPU.ActiveCfg = Release|Any CPU
		{23926EC6-72D7-487D-A98F-4C1F57B2F74F}.Release|Any CPU.Build.0 = Release|Any CPU
		{7427F7E3-ED24-4582-A819-0167966BE050}.Debug|Any CPU.ActiveCfg = Debug|Any CPU
		{7427F7E3-ED24-4582-A819-0167966BE050}.Debug|Any CPU.Build.0 = Debug|Any CPU
		{7427F7E3-ED24-4582-A819-0167966BE050}.Release|Any CPU.ActiveCfg = Release|Any CPU
		{7427F7E3-ED24-4582-A819-0167966BE050}.Release|Any CPU.Build.0 = Release|Any CPU
		{A5CAA9D3-B61E-4EF3-9357-7E6518C2F834}.Debug|Any CPU.ActiveCfg = Debug|Any CPU
		{A5CAA9D3-B61E-4EF3-9357-7E6518C2F834}.Debug|Any CPU.Build.0 = Debug|Any CPU
		{A5CAA9D3-B61E-4EF3-9357-7E6518C2F834}.Release|Any CPU.ActiveCfg = Release|Any CPU
		{A5CAA9D3-B61E-4EF3-9357-7E6518C2F834}.Release|Any CPU.Build.0 = Release|Any CPU
		{93008A7F-A6E4-46AA-8007-7DF9468D2CBF}.Debug|Any CPU.ActiveCfg = Debug|Any CPU
		{93008A7F-A6E4-46AA-8007-7DF9468D2CBF}.Debug|Any CPU.Build.0 = Debug|Any CPU
		{93008A7F-A6E4-46AA-8007-7DF9468D2CBF}.Release|Any CPU.ActiveCfg = Release|Any CPU
		{93008A7F-A6E4-46AA-8007-7DF9468D2CBF}.Release|Any CPU.Build.0 = Release|Any CPU
	EndGlobalSection
	GlobalSection(SolutionProperties) = preSolution
		HideSolutionNode = FALSE
	EndGlobalSection
	GlobalSection(NestedProjects) = preSolution
		{BBED41E2-00AE-4D95-9A6B-B84250034293} = {6E520543-CB18-41ED-BA6D-E14C174DF5CC}
		{0B53E2E6-0F5D-47B5-9A9F-D33E8AC6A8B0} = {B8EBBC82-31B4-4428-82B7-0946698952B4}
		{924CB8B4-98F9-4EE9-89B6-45FB5E1CB842} = {EF863500-D574-4005-855D-D5BEF86715DB}
		{23926EC6-72D7-487D-A98F-4C1F57B2F74F} = {73B5B323-AE78-4FFD-ABF7-1E7989D9A8D9}
		{7427F7E3-ED24-4582-A819-0167966BE050} = {EA56EDCA-41DB-4F81-ACBA-2E191B3AA183}
		{A5CAA9D3-B61E-4EF3-9357-7E6518C2F834} = {EF863500-D574-4005-855D-D5BEF86715DB}
		{93008A7F-A6E4-46AA-8007-7DF9468D2CBF} = {EF863500-D574-4005-855D-D5BEF86715DB}
		{EF863500-D574-4005-855D-D5BEF86715DB} = {FC472BB4-2CFB-4F09-AEBF-2DA22E9EEB29}
		{6E520543-CB18-41ED-BA6D-E14C174DF5CC} = {FC472BB4-2CFB-4F09-AEBF-2DA22E9EEB29}
		{73B5B323-AE78-4FFD-ABF7-1E7989D9A8D9} = {FC472BB4-2CFB-4F09-AEBF-2DA22E9EEB29}
		{B8EBBC82-31B4-4428-82B7-0946698952B4} = {FC472BB4-2CFB-4F09-AEBF-2DA22E9EEB29}
	EndGlobalSection
	GlobalSection(ExtensibilityGlobals) = postSolution
		SolutionGuid = {0DAF5D31-A5F7-4E95-8A09-6F9EAB74A21D}
	EndGlobalSection
EndGlobal
