
Microsoft Visual Studio Solution File, Format Version 12.00
# Visual Studio 15
VisualStudioVersion = 15.0.26430.14
MinimumVisualStudioVersion = 10.0.40219.1
Project("{9A19103F-16F7-4668-BE54-9A1E7A4F7556}") = "Wappa.Api.Driver", "Wappa.Api.Driver\Wappa.Api.Driver.csproj", "{C6D9DAAE-DF22-42C2-985C-9026A5C2B6D7}"
EndProject
Project("{9A19103F-16F7-4668-BE54-9A1E7A4F7556}") = "Wappa.Framework.Model", "Wappa.Framework.Model\Wappa.Framework.Model.csproj", "{16652CFE-1D7A-4E52-A84C-BC7DEA8E9F72}"
EndProject
Project("{9A19103F-16F7-4668-BE54-9A1E7A4F7556}") = "Wappa.Framework.Data", "Wappa.Framework.Data\Wappa.Framework.Data.csproj", "{236B27E6-AA90-4488-A108-6D6C84FD70A5}"
EndProject
Project("{FAE04EC0-301F-11D3-BF4B-00C04F79EFBC}") = "Wappa.Service.Geocoder", "Wappa.Service.Google\Wappa.Service.Geocoder.csproj", "{B339630F-A9EC-429B-8040-46912B06116E}"
EndProject
Project("{FAE04EC0-301F-11D3-BF4B-00C04F79EFBC}") = "Wappa.Framework.Google.Geocoding", "Wappa.Framework.Google\Wappa.Framework.Google.Geocoding.csproj", "{229E40CC-1FE8-42D3-AEAF-8D2A436601B7}"
EndProject
Project("{FAE04EC0-301F-11D3-BF4B-00C04F79EFBC}") = "ConsoleApp1", "ConsoleApp1\ConsoleApp1.csproj", "{750A2439-802A-4E22-BC62-80D0ED038571}"
EndProject
Global
	GlobalSection(SolutionConfigurationPlatforms) = preSolution
		Debug|Any CPU = Debug|Any CPU
		Release|Any CPU = Release|Any CPU
	EndGlobalSection
	GlobalSection(ProjectConfigurationPlatforms) = postSolution
		{C6D9DAAE-DF22-42C2-985C-9026A5C2B6D7}.Debug|Any CPU.ActiveCfg = Debug|Any CPU
		{C6D9DAAE-DF22-42C2-985C-9026A5C2B6D7}.Debug|Any CPU.Build.0 = Debug|Any CPU
		{C6D9DAAE-DF22-42C2-985C-9026A5C2B6D7}.Release|Any CPU.ActiveCfg = Release|Any CPU
		{C6D9DAAE-DF22-42C2-985C-9026A5C2B6D7}.Release|Any CPU.Build.0 = Release|Any CPU
		{16652CFE-1D7A-4E52-A84C-BC7DEA8E9F72}.Debug|Any CPU.ActiveCfg = Debug|Any CPU
		{16652CFE-1D7A-4E52-A84C-BC7DEA8E9F72}.Debug|Any CPU.Build.0 = Debug|Any CPU
		{16652CFE-1D7A-4E52-A84C-BC7DEA8E9F72}.Release|Any CPU.ActiveCfg = Release|Any CPU
		{16652CFE-1D7A-4E52-A84C-BC7DEA8E9F72}.Release|Any CPU.Build.0 = Release|Any CPU
		{236B27E6-AA90-4488-A108-6D6C84FD70A5}.Debug|Any CPU.ActiveCfg = Debug|Any CPU
		{236B27E6-AA90-4488-A108-6D6C84FD70A5}.Debug|Any CPU.Build.0 = Debug|Any CPU
		{236B27E6-AA90-4488-A108-6D6C84FD70A5}.Release|Any CPU.ActiveCfg = Release|Any CPU
		{236B27E6-AA90-4488-A108-6D6C84FD70A5}.Release|Any CPU.Build.0 = Release|Any CPU
		{B339630F-A9EC-429B-8040-46912B06116E}.Debug|Any CPU.ActiveCfg = Debug|Any CPU
		{B339630F-A9EC-429B-8040-46912B06116E}.Debug|Any CPU.Build.0 = Debug|Any CPU
		{B339630F-A9EC-429B-8040-46912B06116E}.Release|Any CPU.ActiveCfg = Release|Any CPU
		{B339630F-A9EC-429B-8040-46912B06116E}.Release|Any CPU.Build.0 = Release|Any CPU
		{229E40CC-1FE8-42D3-AEAF-8D2A436601B7}.Debug|Any CPU.ActiveCfg = Debug|Any CPU
		{229E40CC-1FE8-42D3-AEAF-8D2A436601B7}.Debug|Any CPU.Build.0 = Debug|Any CPU
		{229E40CC-1FE8-42D3-AEAF-8D2A436601B7}.Release|Any CPU.ActiveCfg = Release|Any CPU
		{229E40CC-1FE8-42D3-AEAF-8D2A436601B7}.Release|Any CPU.Build.0 = Release|Any CPU
		{750A2439-802A-4E22-BC62-80D0ED038571}.Debug|Any CPU.ActiveCfg = Debug|Any CPU
		{750A2439-802A-4E22-BC62-80D0ED038571}.Debug|Any CPU.Build.0 = Debug|Any CPU
		{750A2439-802A-4E22-BC62-80D0ED038571}.Release|Any CPU.ActiveCfg = Release|Any CPU
		{750A2439-802A-4E22-BC62-80D0ED038571}.Release|Any CPU.Build.0 = Release|Any CPU
	EndGlobalSection
	GlobalSection(SolutionProperties) = preSolution
		HideSolutionNode = FALSE
	EndGlobalSection
EndGlobal
