
Microsoft Visual Studio Solution File, Format Version 12.00
# Visual Studio 15
VisualStudioVersion = 15.0.27428.2015
MinimumVisualStudioVersion = 10.0.40219.1
Project("{2150E333-8FDC-42A3-9474-1A3956D46DE8}") = "2 - Domain", "2 - Domain", "{E5D08816-547A-47AF-8BA5-3C3ED6455008}"
EndProject
Project("{2150E333-8FDC-42A3-9474-1A3956D46DE8}") = "3 - Infra", "3 - Infra", "{F9354923-4620-4AD9-A38E-3574DEB3911B}"
EndProject
Project("{9A19103F-16F7-4668-BE54-9A1E7A4F7556}") = "ApplicationCore", "src\ApplicationCore\ApplicationCore.csproj", "{43A99AE1-9CFE-45DD-9D29-2FC3A36872E6}"
EndProject
Project("{9A19103F-16F7-4668-BE54-9A1E7A4F7556}") = "Infra", "src\Infrastructure\Infra.csproj", "{169E681E-48C7-40D9-A034-F89AC04F4518}"
EndProject
Project("{9A19103F-16F7-4668-BE54-9A1E7A4F7556}") = "IoC", "src\IoC\IoC.csproj", "{8D91B168-8C92-4341-9683-17DBCD2A5173}"
EndProject
Project("{2150E333-8FDC-42A3-9474-1A3956D46DE8}") = "1 - API", "1 - API", "{A54B02E7-1A59-454C-B85D-2BA715A545BA}"
EndProject
Project("{9A19103F-16F7-4668-BE54-9A1E7A4F7556}") = "WebApi", "src\WebApi\WebApi.csproj", "{B405B133-CA68-4E8A-8B4E-D908B985C322}"
EndProject
Project("{FAE04EC0-301F-11D3-BF4B-00C04F79EFBC}") = "Test", "src\Test\Test.csproj", "{2C0F9E02-32CA-4A82-BBFA-82D9362D8BB7}"
EndProject
Global
	GlobalSection(SolutionConfigurationPlatforms) = preSolution
		Debug|Any CPU = Debug|Any CPU
		Release|Any CPU = Release|Any CPU
	EndGlobalSection
	GlobalSection(ProjectConfigurationPlatforms) = postSolution
		{43A99AE1-9CFE-45DD-9D29-2FC3A36872E6}.Debug|Any CPU.ActiveCfg = Debug|Any CPU
		{43A99AE1-9CFE-45DD-9D29-2FC3A36872E6}.Debug|Any CPU.Build.0 = Debug|Any CPU
		{43A99AE1-9CFE-45DD-9D29-2FC3A36872E6}.Release|Any CPU.ActiveCfg = Release|Any CPU
		{43A99AE1-9CFE-45DD-9D29-2FC3A36872E6}.Release|Any CPU.Build.0 = Release|Any CPU
		{169E681E-48C7-40D9-A034-F89AC04F4518}.Debug|Any CPU.ActiveCfg = Debug|Any CPU
		{169E681E-48C7-40D9-A034-F89AC04F4518}.Debug|Any CPU.Build.0 = Debug|Any CPU
		{169E681E-48C7-40D9-A034-F89AC04F4518}.Release|Any CPU.ActiveCfg = Release|Any CPU
		{169E681E-48C7-40D9-A034-F89AC04F4518}.Release|Any CPU.Build.0 = Release|Any CPU
		{8D91B168-8C92-4341-9683-17DBCD2A5173}.Debug|Any CPU.ActiveCfg = Debug|Any CPU
		{8D91B168-8C92-4341-9683-17DBCD2A5173}.Debug|Any CPU.Build.0 = Debug|Any CPU
		{8D91B168-8C92-4341-9683-17DBCD2A5173}.Release|Any CPU.ActiveCfg = Release|Any CPU
		{8D91B168-8C92-4341-9683-17DBCD2A5173}.Release|Any CPU.Build.0 = Release|Any CPU
		{B405B133-CA68-4E8A-8B4E-D908B985C322}.Debug|Any CPU.ActiveCfg = Debug|Any CPU
		{B405B133-CA68-4E8A-8B4E-D908B985C322}.Debug|Any CPU.Build.0 = Debug|Any CPU
		{B405B133-CA68-4E8A-8B4E-D908B985C322}.Release|Any CPU.ActiveCfg = Release|Any CPU
		{B405B133-CA68-4E8A-8B4E-D908B985C322}.Release|Any CPU.Build.0 = Release|Any CPU
		{2C0F9E02-32CA-4A82-BBFA-82D9362D8BB7}.Debug|Any CPU.ActiveCfg = Debug|Any CPU
		{2C0F9E02-32CA-4A82-BBFA-82D9362D8BB7}.Debug|Any CPU.Build.0 = Debug|Any CPU
		{2C0F9E02-32CA-4A82-BBFA-82D9362D8BB7}.Release|Any CPU.ActiveCfg = Release|Any CPU
		{2C0F9E02-32CA-4A82-BBFA-82D9362D8BB7}.Release|Any CPU.Build.0 = Release|Any CPU
	EndGlobalSection
	GlobalSection(SolutionProperties) = preSolution
		HideSolutionNode = FALSE
	EndGlobalSection
	GlobalSection(NestedProjects) = preSolution
		{43A99AE1-9CFE-45DD-9D29-2FC3A36872E6} = {E5D08816-547A-47AF-8BA5-3C3ED6455008}
		{169E681E-48C7-40D9-A034-F89AC04F4518} = {F9354923-4620-4AD9-A38E-3574DEB3911B}
		{8D91B168-8C92-4341-9683-17DBCD2A5173} = {F9354923-4620-4AD9-A38E-3574DEB3911B}
		{B405B133-CA68-4E8A-8B4E-D908B985C322} = {A54B02E7-1A59-454C-B85D-2BA715A545BA}
	EndGlobalSection
	GlobalSection(ExtensibilityGlobals) = postSolution
		SolutionGuid = {04EE3CE4-9357-4356-9BC1-6D71DDF9B6DE}
	EndGlobalSection
EndGlobal
