
Microsoft Visual Studio Solution File, Format Version 12.00
# Visual Studio 15
VisualStudioVersion = 15.0.28307.539
MinimumVisualStudioVersion = 10.0.40219.1
Project("{2150E333-8FDC-42A3-9474-1A3956D46DE8}") = "1 - Services", "1 - Services", "{D9A2AD78-4E07-44BA-B761-2EBEABB0EFE0}"
EndProject
Project("{2150E333-8FDC-42A3-9474-1A3956D46DE8}") = "2 - Application", "2 - Application", "{4B641E89-3531-44E3-9C5A-ADAD24B61F32}"
EndProject
Project("{2150E333-8FDC-42A3-9474-1A3956D46DE8}") = "3 - Domain", "3 - Domain", "{3A16FF46-A422-4F72-A6A5-7B9A846DCEF8}"
EndProject
Project("{2150E333-8FDC-42A3-9474-1A3956D46DE8}") = "4 - Infra", "4 - Infra", "{D865AA15-0755-4EFE-9798-763519303F19}"
EndProject
Project("{9A19103F-16F7-4668-BE54-9A1E7A4F7556}") = "Wappa.Services.Api", "Wappa.Services.Api\Wappa.Services.Api.csproj", "{5B0A1D67-F0FD-46DF-8249-557113412680}"
EndProject
Project("{9A19103F-16F7-4668-BE54-9A1E7A4F7556}") = "Wappa.Application", "Wappa.Application\Wappa.Application.csproj", "{C03CBACD-8E75-48CB-87ED-B6F33DEA49EA}"
EndProject
Project("{9A19103F-16F7-4668-BE54-9A1E7A4F7556}") = "Wappa.Domain", "Wappa.Domain\Wappa.Domain.csproj", "{383C92A2-6115-4157-8A7A-C04A2F69D5CF}"
EndProject
Project("{2150E333-8FDC-42A3-9474-1A3956D46DE8}") = "4.1 - Data", "4.1 - Data", "{C80EECC2-64AC-4EAB-AA53-3733C90C745D}"
EndProject
Project("{2150E333-8FDC-42A3-9474-1A3956D46DE8}") = "4.2 - CrossCutting", "4.2 - CrossCutting", "{379A6893-A9CE-4DF5-BD7C-99B398B6ED8C}"
EndProject
Project("{9A19103F-16F7-4668-BE54-9A1E7A4F7556}") = "Wappa.Infra.Data", "Wappa.Infra.Data\Wappa.Infra.Data.csproj", "{F15B7801-1007-4F58-8B43-379BE963FDC2}"
EndProject
Project("{9A19103F-16F7-4668-BE54-9A1E7A4F7556}") = "Wappa.CrossCutting.IoC", "Wappa.CrossCutting.IoC\Wappa.CrossCutting.IoC.csproj", "{C677E57C-95DC-4755-9A5C-22DEAC7D563A}"
EndProject
Project("{9A19103F-16F7-4668-BE54-9A1E7A4F7556}") = "Wappa.Infra.CrossCutting.Bus", "Wappa.Infra.CrossCutting.Bus\Wappa.Infra.CrossCutting.Bus.csproj", "{D103F8D5-E2C0-4748-838B-290D4A6039AD}"
EndProject
Project("{9A19103F-16F7-4668-BE54-9A1E7A4F7556}") = "Wappa.Domain.Core", "Wappa.Domain.Core\Wappa.Domain.Core.csproj", "{04062128-AB4E-403C-B325-13107E209A64}"
EndProject
Project("{2150E333-8FDC-42A3-9474-1A3956D46DE8}") = "4.3 - Maps", "4.3 - Maps", "{D5436145-7C52-4B9F-9264-A24D35EAF913}"
EndProject
Project("{FAE04EC0-301F-11D3-BF4B-00C04F79EFBC}") = "Wappa.Infra.GMaps", "Wappa.Infra.GMaps\Wappa.Infra.GMaps.csproj", "{83E6690C-E163-46CF-ABA6-01B9906DFD41}"
EndProject
Global
	GlobalSection(SolutionConfigurationPlatforms) = preSolution
		Debug|Any CPU = Debug|Any CPU
		Release|Any CPU = Release|Any CPU
	EndGlobalSection
	GlobalSection(ProjectConfigurationPlatforms) = postSolution
		{5B0A1D67-F0FD-46DF-8249-557113412680}.Debug|Any CPU.ActiveCfg = Debug|Any CPU
		{5B0A1D67-F0FD-46DF-8249-557113412680}.Debug|Any CPU.Build.0 = Debug|Any CPU
		{5B0A1D67-F0FD-46DF-8249-557113412680}.Release|Any CPU.ActiveCfg = Release|Any CPU
		{5B0A1D67-F0FD-46DF-8249-557113412680}.Release|Any CPU.Build.0 = Release|Any CPU
		{C03CBACD-8E75-48CB-87ED-B6F33DEA49EA}.Debug|Any CPU.ActiveCfg = Debug|Any CPU
		{C03CBACD-8E75-48CB-87ED-B6F33DEA49EA}.Debug|Any CPU.Build.0 = Debug|Any CPU
		{C03CBACD-8E75-48CB-87ED-B6F33DEA49EA}.Release|Any CPU.ActiveCfg = Release|Any CPU
		{C03CBACD-8E75-48CB-87ED-B6F33DEA49EA}.Release|Any CPU.Build.0 = Release|Any CPU
		{383C92A2-6115-4157-8A7A-C04A2F69D5CF}.Debug|Any CPU.ActiveCfg = Debug|Any CPU
		{383C92A2-6115-4157-8A7A-C04A2F69D5CF}.Debug|Any CPU.Build.0 = Debug|Any CPU
		{383C92A2-6115-4157-8A7A-C04A2F69D5CF}.Release|Any CPU.ActiveCfg = Release|Any CPU
		{383C92A2-6115-4157-8A7A-C04A2F69D5CF}.Release|Any CPU.Build.0 = Release|Any CPU
		{F15B7801-1007-4F58-8B43-379BE963FDC2}.Debug|Any CPU.ActiveCfg = Debug|Any CPU
		{F15B7801-1007-4F58-8B43-379BE963FDC2}.Debug|Any CPU.Build.0 = Debug|Any CPU
		{F15B7801-1007-4F58-8B43-379BE963FDC2}.Release|Any CPU.ActiveCfg = Release|Any CPU
		{F15B7801-1007-4F58-8B43-379BE963FDC2}.Release|Any CPU.Build.0 = Release|Any CPU
		{C677E57C-95DC-4755-9A5C-22DEAC7D563A}.Debug|Any CPU.ActiveCfg = Debug|Any CPU
		{C677E57C-95DC-4755-9A5C-22DEAC7D563A}.Debug|Any CPU.Build.0 = Debug|Any CPU
		{C677E57C-95DC-4755-9A5C-22DEAC7D563A}.Release|Any CPU.ActiveCfg = Release|Any CPU
		{C677E57C-95DC-4755-9A5C-22DEAC7D563A}.Release|Any CPU.Build.0 = Release|Any CPU
		{D103F8D5-E2C0-4748-838B-290D4A6039AD}.Debug|Any CPU.ActiveCfg = Debug|Any CPU
		{D103F8D5-E2C0-4748-838B-290D4A6039AD}.Debug|Any CPU.Build.0 = Debug|Any CPU
		{D103F8D5-E2C0-4748-838B-290D4A6039AD}.Release|Any CPU.ActiveCfg = Release|Any CPU
		{D103F8D5-E2C0-4748-838B-290D4A6039AD}.Release|Any CPU.Build.0 = Release|Any CPU
		{04062128-AB4E-403C-B325-13107E209A64}.Debug|Any CPU.ActiveCfg = Debug|Any CPU
		{04062128-AB4E-403C-B325-13107E209A64}.Debug|Any CPU.Build.0 = Debug|Any CPU
		{04062128-AB4E-403C-B325-13107E209A64}.Release|Any CPU.ActiveCfg = Release|Any CPU
		{04062128-AB4E-403C-B325-13107E209A64}.Release|Any CPU.Build.0 = Release|Any CPU
		{83E6690C-E163-46CF-ABA6-01B9906DFD41}.Debug|Any CPU.ActiveCfg = Debug|Any CPU
		{83E6690C-E163-46CF-ABA6-01B9906DFD41}.Debug|Any CPU.Build.0 = Debug|Any CPU
		{83E6690C-E163-46CF-ABA6-01B9906DFD41}.Release|Any CPU.ActiveCfg = Release|Any CPU
		{83E6690C-E163-46CF-ABA6-01B9906DFD41}.Release|Any CPU.Build.0 = Release|Any CPU
	EndGlobalSection
	GlobalSection(SolutionProperties) = preSolution
		HideSolutionNode = FALSE
	EndGlobalSection
	GlobalSection(NestedProjects) = preSolution
		{5B0A1D67-F0FD-46DF-8249-557113412680} = {D9A2AD78-4E07-44BA-B761-2EBEABB0EFE0}
		{C03CBACD-8E75-48CB-87ED-B6F33DEA49EA} = {4B641E89-3531-44E3-9C5A-ADAD24B61F32}
		{383C92A2-6115-4157-8A7A-C04A2F69D5CF} = {3A16FF46-A422-4F72-A6A5-7B9A846DCEF8}
		{C80EECC2-64AC-4EAB-AA53-3733C90C745D} = {D865AA15-0755-4EFE-9798-763519303F19}
		{379A6893-A9CE-4DF5-BD7C-99B398B6ED8C} = {D865AA15-0755-4EFE-9798-763519303F19}
		{F15B7801-1007-4F58-8B43-379BE963FDC2} = {C80EECC2-64AC-4EAB-AA53-3733C90C745D}
		{C677E57C-95DC-4755-9A5C-22DEAC7D563A} = {379A6893-A9CE-4DF5-BD7C-99B398B6ED8C}
		{D103F8D5-E2C0-4748-838B-290D4A6039AD} = {379A6893-A9CE-4DF5-BD7C-99B398B6ED8C}
		{04062128-AB4E-403C-B325-13107E209A64} = {3A16FF46-A422-4F72-A6A5-7B9A846DCEF8}
		{D5436145-7C52-4B9F-9264-A24D35EAF913} = {D865AA15-0755-4EFE-9798-763519303F19}
		{83E6690C-E163-46CF-ABA6-01B9906DFD41} = {D5436145-7C52-4B9F-9264-A24D35EAF913}
	EndGlobalSection
	GlobalSection(ExtensibilityGlobals) = postSolution
		SolutionGuid = {3E83F23F-17B2-47A3-9880-208B9C588F98}
	EndGlobalSection
EndGlobal
