
Microsoft Visual Studio Solution File, Format Version 12.00
# Visual Studio 15
VisualStudioVersion = 15.0.28307.489
MinimumVisualStudioVersion = 10.0.40219.1
Project("{9A19103F-16F7-4668-BE54-9A1E7A4F7556}") = "Wappa.Driver.Api", "Wappa.Driver.Api\Wappa.Driver.Api.csproj", "{6426DA4D-074A-42F2-87F8-99DF7FD2A4D7}"
EndProject
Project("{9A19103F-16F7-4668-BE54-9A1E7A4F7556}") = "Wappa.Driver.Tests", "Wappa.Driver.Tests\Wappa.Driver.Tests.csproj", "{15B0D60F-80A0-45E3-9CC9-7E34B0B266CD}"
EndProject
Global
	GlobalSection(SolutionConfigurationPlatforms) = preSolution
		Debug|Any CPU = Debug|Any CPU
		Release|Any CPU = Release|Any CPU
	EndGlobalSection
	GlobalSection(ProjectConfigurationPlatforms) = postSolution
		{6426DA4D-074A-42F2-87F8-99DF7FD2A4D7}.Debug|Any CPU.ActiveCfg = Debug|Any CPU
		{6426DA4D-074A-42F2-87F8-99DF7FD2A4D7}.Debug|Any CPU.Build.0 = Debug|Any CPU
		{6426DA4D-074A-42F2-87F8-99DF7FD2A4D7}.Release|Any CPU.ActiveCfg = Release|Any CPU
		{6426DA4D-074A-42F2-87F8-99DF7FD2A4D7}.Release|Any CPU.Build.0 = Release|Any CPU
		{15B0D60F-80A0-45E3-9CC9-7E34B0B266CD}.Debug|Any CPU.ActiveCfg = Debug|Any CPU
		{15B0D60F-80A0-45E3-9CC9-7E34B0B266CD}.Debug|Any CPU.Build.0 = Debug|Any CPU
		{15B0D60F-80A0-45E3-9CC9-7E34B0B266CD}.Release|Any CPU.ActiveCfg = Release|Any CPU
		{15B0D60F-80A0-45E3-9CC9-7E34B0B266CD}.Release|Any CPU.Build.0 = Release|Any CPU
	EndGlobalSection
	GlobalSection(SolutionProperties) = preSolution
		HideSolutionNode = FALSE
	EndGlobalSection
	GlobalSection(ExtensibilityGlobals) = postSolution
		SolutionGuid = {E9C8F3B1-5581-47C9-A22C-AF454AF05099}
	EndGlobalSection
EndGlobal
