
Microsoft Visual Studio Solution File, Format Version 12.00
# Visual Studio 15
VisualStudioVersion = 15.0.26124.0
MinimumVisualStudioVersion = 15.0.26124.0
Project("{9A19103F-16F7-4668-BE54-9A1E7A4F7556}") = "Wappa.Api", "Wappa.Api\Wappa.Api.csproj", "{B7AA31FA-6E4D-483E-B8EA-9D3058423EAE}"
EndProject
Project("{9A19103F-16F7-4668-BE54-9A1E7A4F7556}") = "Wappa.Api.DataLayer", "Wappa.Api.DataLayer\Wappa.Api.DataLayer.csproj", "{C1E8D468-1200-48C6-8E6D-636BE7688B5D}"
EndProject
Project("{9A19103F-16F7-4668-BE54-9A1E7A4F7556}") = "Wappa.Api.DomainModel", "Wappa.Api.DomainModel\Wappa.Api.DomainModel.csproj", "{221016E4-9F2E-4C26-A6C1-38914EB72343}"
EndProject
Project("{9A19103F-16F7-4668-BE54-9A1E7A4F7556}") = "Wappa.Api.ExternalServices", "Wappa.Api.ExternalServices\Wappa.Api.ExternalServices.csproj", "{70016A72-7A0C-4F1B-90F4-BDF9CA82A0CB}"
EndProject
Project("{9A19103F-16F7-4668-BE54-9A1E7A4F7556}") = "Wappa.Api.Tests", "Wappa.Api.Tests\Wappa.Api.Tests.csproj", "{507C4C33-3711-4D56-8ABB-364F42214070}"
EndProject
Global
	GlobalSection(SolutionConfigurationPlatforms) = preSolution
		Debug|Any CPU = Debug|Any CPU
		Debug|x64 = Debug|x64
		Debug|x86 = Debug|x86
		Release|Any CPU = Release|Any CPU
		Release|x64 = Release|x64
		Release|x86 = Release|x86
	EndGlobalSection
	GlobalSection(ProjectConfigurationPlatforms) = postSolution
		{B7AA31FA-6E4D-483E-B8EA-9D3058423EAE}.Debug|Any CPU.ActiveCfg = Debug|Any CPU
		{B7AA31FA-6E4D-483E-B8EA-9D3058423EAE}.Debug|Any CPU.Build.0 = Debug|Any CPU
		{B7AA31FA-6E4D-483E-B8EA-9D3058423EAE}.Debug|x64.ActiveCfg = Debug|Any CPU
		{B7AA31FA-6E4D-483E-B8EA-9D3058423EAE}.Debug|x64.Build.0 = Debug|Any CPU
		{B7AA31FA-6E4D-483E-B8EA-9D3058423EAE}.Debug|x86.ActiveCfg = Debug|Any CPU
		{B7AA31FA-6E4D-483E-B8EA-9D3058423EAE}.Debug|x86.Build.0 = Debug|Any CPU
		{B7AA31FA-6E4D-483E-B8EA-9D3058423EAE}.Release|Any CPU.ActiveCfg = Release|Any CPU
		{B7AA31FA-6E4D-483E-B8EA-9D3058423EAE}.Release|Any CPU.Build.0 = Release|Any CPU
		{B7AA31FA-6E4D-483E-B8EA-9D3058423EAE}.Release|x64.ActiveCfg = Release|Any CPU
		{B7AA31FA-6E4D-483E-B8EA-9D3058423EAE}.Release|x64.Build.0 = Release|Any CPU
		{B7AA31FA-6E4D-483E-B8EA-9D3058423EAE}.Release|x86.ActiveCfg = Release|Any CPU
		{B7AA31FA-6E4D-483E-B8EA-9D3058423EAE}.Release|x86.Build.0 = Release|Any CPU
		{C1E8D468-1200-48C6-8E6D-636BE7688B5D}.Debug|Any CPU.ActiveCfg = Debug|Any CPU
		{C1E8D468-1200-48C6-8E6D-636BE7688B5D}.Debug|Any CPU.Build.0 = Debug|Any CPU
		{C1E8D468-1200-48C6-8E6D-636BE7688B5D}.Debug|x64.ActiveCfg = Debug|Any CPU
		{C1E8D468-1200-48C6-8E6D-636BE7688B5D}.Debug|x64.Build.0 = Debug|Any CPU
		{C1E8D468-1200-48C6-8E6D-636BE7688B5D}.Debug|x86.ActiveCfg = Debug|Any CPU
		{C1E8D468-1200-48C6-8E6D-636BE7688B5D}.Debug|x86.Build.0 = Debug|Any CPU
		{C1E8D468-1200-48C6-8E6D-636BE7688B5D}.Release|Any CPU.ActiveCfg = Release|Any CPU
		{C1E8D468-1200-48C6-8E6D-636BE7688B5D}.Release|Any CPU.Build.0 = Release|Any CPU
		{C1E8D468-1200-48C6-8E6D-636BE7688B5D}.Release|x64.ActiveCfg = Release|Any CPU
		{C1E8D468-1200-48C6-8E6D-636BE7688B5D}.Release|x64.Build.0 = Release|Any CPU
		{C1E8D468-1200-48C6-8E6D-636BE7688B5D}.Release|x86.ActiveCfg = Release|Any CPU
		{C1E8D468-1200-48C6-8E6D-636BE7688B5D}.Release|x86.Build.0 = Release|Any CPU
		{221016E4-9F2E-4C26-A6C1-38914EB72343}.Debug|Any CPU.ActiveCfg = Debug|Any CPU
		{221016E4-9F2E-4C26-A6C1-38914EB72343}.Debug|Any CPU.Build.0 = Debug|Any CPU
		{221016E4-9F2E-4C26-A6C1-38914EB72343}.Debug|x64.ActiveCfg = Debug|Any CPU
		{221016E4-9F2E-4C26-A6C1-38914EB72343}.Debug|x64.Build.0 = Debug|Any CPU
		{221016E4-9F2E-4C26-A6C1-38914EB72343}.Debug|x86.ActiveCfg = Debug|Any CPU
		{221016E4-9F2E-4C26-A6C1-38914EB72343}.Debug|x86.Build.0 = Debug|Any CPU
		{221016E4-9F2E-4C26-A6C1-38914EB72343}.Release|Any CPU.ActiveCfg = Release|Any CPU
		{221016E4-9F2E-4C26-A6C1-38914EB72343}.Release|Any CPU.Build.0 = Release|Any CPU
		{221016E4-9F2E-4C26-A6C1-38914EB72343}.Release|x64.ActiveCfg = Release|Any CPU
		{221016E4-9F2E-4C26-A6C1-38914EB72343}.Release|x64.Build.0 = Release|Any CPU
		{221016E4-9F2E-4C26-A6C1-38914EB72343}.Release|x86.ActiveCfg = Release|Any CPU
		{221016E4-9F2E-4C26-A6C1-38914EB72343}.Release|x86.Build.0 = Release|Any CPU
		{70016A72-7A0C-4F1B-90F4-BDF9CA82A0CB}.Debug|Any CPU.ActiveCfg = Debug|Any CPU
		{70016A72-7A0C-4F1B-90F4-BDF9CA82A0CB}.Debug|Any CPU.Build.0 = Debug|Any CPU
		{70016A72-7A0C-4F1B-90F4-BDF9CA82A0CB}.Debug|x64.ActiveCfg = Debug|Any CPU
		{70016A72-7A0C-4F1B-90F4-BDF9CA82A0CB}.Debug|x64.Build.0 = Debug|Any CPU
		{70016A72-7A0C-4F1B-90F4-BDF9CA82A0CB}.Debug|x86.ActiveCfg = Debug|Any CPU
		{70016A72-7A0C-4F1B-90F4-BDF9CA82A0CB}.Debug|x86.Build.0 = Debug|Any CPU
		{70016A72-7A0C-4F1B-90F4-BDF9CA82A0CB}.Release|Any CPU.ActiveCfg = Release|Any CPU
		{70016A72-7A0C-4F1B-90F4-BDF9CA82A0CB}.Release|Any CPU.Build.0 = Release|Any CPU
		{70016A72-7A0C-4F1B-90F4-BDF9CA82A0CB}.Release|x64.ActiveCfg = Release|Any CPU
		{70016A72-7A0C-4F1B-90F4-BDF9CA82A0CB}.Release|x64.Build.0 = Release|Any CPU
		{70016A72-7A0C-4F1B-90F4-BDF9CA82A0CB}.Release|x86.ActiveCfg = Release|Any CPU
		{70016A72-7A0C-4F1B-90F4-BDF9CA82A0CB}.Release|x86.Build.0 = Release|Any CPU
		{507C4C33-3711-4D56-8ABB-364F42214070}.Debug|Any CPU.ActiveCfg = Debug|Any CPU
		{507C4C33-3711-4D56-8ABB-364F42214070}.Debug|Any CPU.Build.0 = Debug|Any CPU
		{507C4C33-3711-4D56-8ABB-364F42214070}.Debug|x64.ActiveCfg = Debug|Any CPU
		{507C4C33-3711-4D56-8ABB-364F42214070}.Debug|x64.Build.0 = Debug|Any CPU
		{507C4C33-3711-4D56-8ABB-364F42214070}.Debug|x86.ActiveCfg = Debug|Any CPU
		{507C4C33-3711-4D56-8ABB-364F42214070}.Debug|x86.Build.0 = Debug|Any CPU
		{507C4C33-3711-4D56-8ABB-364F42214070}.Release|Any CPU.ActiveCfg = Release|Any CPU
		{507C4C33-3711-4D56-8ABB-364F42214070}.Release|Any CPU.Build.0 = Release|Any CPU
		{507C4C33-3711-4D56-8ABB-364F42214070}.Release|x64.ActiveCfg = Release|Any CPU
		{507C4C33-3711-4D56-8ABB-364F42214070}.Release|x64.Build.0 = Release|Any CPU
		{507C4C33-3711-4D56-8ABB-364F42214070}.Release|x86.ActiveCfg = Release|Any CPU
		{507C4C33-3711-4D56-8ABB-364F42214070}.Release|x86.Build.0 = Release|Any CPU
	EndGlobalSection
	GlobalSection(SolutionProperties) = preSolution
		HideSolutionNode = FALSE
	EndGlobalSection
	GlobalSection(ExtensibilityGlobals) = postSolution
		SolutionGuid = {7BE1E07C-E9A4-4EF9-9AAA-AF44FD602CE4}
	EndGlobalSection
EndGlobal
