
Microsoft Visual Studio Solution File, Format Version 12.00
# Visual Studio 15
Project("{FAE04EC0-301F-11D3-BF4B-00C04F79EFBC}") = "ChallengeDev", "ChallengeDev\ChallengeDev.csproj", "{F302525D-B395-4FE0-AACF-BEF730CB1211}"
EndProject
Project("{FAE04EC0-301F-11D3-BF4B-00C04F79EFBC}") = "Domain", "Domain\Domain.csproj", "{C762D123-7E68-4E85-B97A-DC4598DD27B4}"
EndProject
Project("{FAE04EC0-301F-11D3-BF4B-00C04F79EFBC}") = "Domain.Test", "Domain.Test\Domain.Test.csproj", "{F411C0B0-9AA1-403D-B849-CDA2AEADA9F7}"
EndProject
Global
	GlobalSection(SolutionConfigurationPlatforms) = preSolution
		Debug|Any CPU = Debug|Any CPU
		Release|Any CPU = Release|Any CPU
	EndGlobalSection
	GlobalSection(ProjectConfigurationPlatforms) = postSolution
		{F302525D-B395-4FE0-AACF-BEF730CB1211}.Debug|Any CPU.ActiveCfg = Debug|Any CPU
		{F302525D-B395-4FE0-AACF-BEF730CB1211}.Debug|Any CPU.Build.0 = Debug|Any CPU
		{F302525D-B395-4FE0-AACF-BEF730CB1211}.Release|Any CPU.ActiveCfg = Release|Any CPU
		{F302525D-B395-4FE0-AACF-BEF730CB1211}.Release|Any CPU.Build.0 = Release|Any CPU
		{C762D123-7E68-4E85-B97A-DC4598DD27B4}.Debug|Any CPU.ActiveCfg = Debug|Any CPU
		{C762D123-7E68-4E85-B97A-DC4598DD27B4}.Debug|Any CPU.Build.0 = Debug|Any CPU
		{C762D123-7E68-4E85-B97A-DC4598DD27B4}.Release|Any CPU.ActiveCfg = Release|Any CPU
		{C762D123-7E68-4E85-B97A-DC4598DD27B4}.Release|Any CPU.Build.0 = Release|Any CPU
		{F411C0B0-9AA1-403D-B849-CDA2AEADA9F7}.Debug|Any CPU.ActiveCfg = Debug|Any CPU
		{F411C0B0-9AA1-403D-B849-CDA2AEADA9F7}.Debug|Any CPU.Build.0 = Debug|Any CPU
		{F411C0B0-9AA1-403D-B849-CDA2AEADA9F7}.Release|Any CPU.ActiveCfg = Release|Any CPU
		{F411C0B0-9AA1-403D-B849-CDA2AEADA9F7}.Release|Any CPU.Build.0 = Release|Any CPU
	EndGlobalSection
EndGlobal
