
Microsoft Visual Studio Solution File, Format Version 12.00
# Visual Studio 15
VisualStudioVersion = 15.0.28307.489
MinimumVisualStudioVersion = 10.0.40219.1
Project("{9A19103F-16F7-4668-BE54-9A1E7A4F7556}") = "ChallengeDev", "ChallengeDev\ChallengeDev.csproj", "{E068B30E-E9CC-478C-851B-BA67E16E8AB7}"
EndProject
Project("{9A19103F-16F7-4668-BE54-9A1E7A4F7556}") = "Cadastro", "Cadastro\Cadastro.csproj", "{F9E4F2AE-C001-4DE8-A425-09DEA40057A1}"
EndProject
Global
	GlobalSection(SolutionConfigurationPlatforms) = preSolution
		Debug|Any CPU = Debug|Any CPU
		Release|Any CPU = Release|Any CPU
	EndGlobalSection
	GlobalSection(ProjectConfigurationPlatforms) = postSolution
		{E068B30E-E9CC-478C-851B-BA67E16E8AB7}.Debug|Any CPU.ActiveCfg = Debug|Any CPU
		{E068B30E-E9CC-478C-851B-BA67E16E8AB7}.Debug|Any CPU.Build.0 = Debug|Any CPU
		{E068B30E-E9CC-478C-851B-BA67E16E8AB7}.Release|Any CPU.ActiveCfg = Release|Any CPU
		{E068B30E-E9CC-478C-851B-BA67E16E8AB7}.Release|Any CPU.Build.0 = Release|Any CPU
		{F9E4F2AE-C001-4DE8-A425-09DEA40057A1}.Debug|Any CPU.ActiveCfg = Debug|Any CPU
		{F9E4F2AE-C001-4DE8-A425-09DEA40057A1}.Debug|Any CPU.Build.0 = Debug|Any CPU
		{F9E4F2AE-C001-4DE8-A425-09DEA40057A1}.Release|Any CPU.ActiveCfg = Release|Any CPU
		{F9E4F2AE-C001-4DE8-A425-09DEA40057A1}.Release|Any CPU.Build.0 = Release|Any CPU
	EndGlobalSection
	GlobalSection(SolutionProperties) = preSolution
		HideSolutionNode = FALSE
	EndGlobalSection
	GlobalSection(ExtensibilityGlobals) = postSolution
		SolutionGuid = {2EFD75BC-FED8-4232-8DA1-AE059A19D541}
	EndGlobalSection
EndGlobal
