
Microsoft Visual Studio Solution File, Format Version 12.00
# Visual Studio 15
VisualStudioVersion = 15.0.27130.2027
MinimumVisualStudioVersion = 10.0.40219.1
Project("{9A19103F-16F7-4668-BE54-9A1E7A4F7556}") = "Teste.API", "Teste.API\Teste.API.csproj", "{04E386CC-018C-4407-8D14-2A1CAC8F6AA0}"
EndProject
Project("{9A19103F-16F7-4668-BE54-9A1E7A4F7556}") = "Teste.Implementacao", "Teste.Implementacao\Teste.Implementacao.csproj", "{14A7A6FC-8549-4F4F-AC9C-BBA37DD3E3BA}"
EndProject
Project("{9A19103F-16F7-4668-BE54-9A1E7A4F7556}") = "Teste.Servicos", "Teste.Servicos\Teste.Servicos.csproj", "{63C9F574-D65F-4E86-9633-E94A8AE333AD}"
EndProject
Project("{9A19103F-16F7-4668-BE54-9A1E7A4F7556}") = "Teste.TesteUnitario", "Teste.TesteUnitario\Teste.TesteUnitario.csproj", "{84077AAF-4C6E-447E-8267-0B808905AED3}"
EndProject
Project("{9A19103F-16F7-4668-BE54-9A1E7A4F7556}") = "Teste.Repositorio", "Teste.Repositorio\Teste.Repositorio.csproj", "{1936072F-46FD-44FE-A72C-8ED8B59F6D60}"
EndProject
Project("{00D1A9C2-B5F0-4AF3-8072-F6C62B433612}") = "Teste.SqlServer", "Teste.SqlServer\Teste.SqlServer.sqlproj", "{EB77A0F7-40A6-4B4D-8854-9B0C3F4810CA}"
EndProject
Global
	GlobalSection(SolutionConfigurationPlatforms) = preSolution
		Debug|Any CPU = Debug|Any CPU
		Release|Any CPU = Release|Any CPU
	EndGlobalSection
	GlobalSection(ProjectConfigurationPlatforms) = postSolution
		{04E386CC-018C-4407-8D14-2A1CAC8F6AA0}.Debug|Any CPU.ActiveCfg = Debug|Any CPU
		{04E386CC-018C-4407-8D14-2A1CAC8F6AA0}.Debug|Any CPU.Build.0 = Debug|Any CPU
		{04E386CC-018C-4407-8D14-2A1CAC8F6AA0}.Release|Any CPU.ActiveCfg = Release|Any CPU
		{04E386CC-018C-4407-8D14-2A1CAC8F6AA0}.Release|Any CPU.Build.0 = Release|Any CPU
		{14A7A6FC-8549-4F4F-AC9C-BBA37DD3E3BA}.Debug|Any CPU.ActiveCfg = Debug|Any CPU
		{14A7A6FC-8549-4F4F-AC9C-BBA37DD3E3BA}.Debug|Any CPU.Build.0 = Debug|Any CPU
		{14A7A6FC-8549-4F4F-AC9C-BBA37DD3E3BA}.Release|Any CPU.ActiveCfg = Release|Any CPU
		{14A7A6FC-8549-4F4F-AC9C-BBA37DD3E3BA}.Release|Any CPU.Build.0 = Release|Any CPU
		{63C9F574-D65F-4E86-9633-E94A8AE333AD}.Debug|Any CPU.ActiveCfg = Debug|Any CPU
		{63C9F574-D65F-4E86-9633-E94A8AE333AD}.Debug|Any CPU.Build.0 = Debug|Any CPU
		{63C9F574-D65F-4E86-9633-E94A8AE333AD}.Release|Any CPU.ActiveCfg = Release|Any CPU
		{63C9F574-D65F-4E86-9633-E94A8AE333AD}.Release|Any CPU.Build.0 = Release|Any CPU
		{84077AAF-4C6E-447E-8267-0B808905AED3}.Debug|Any CPU.ActiveCfg = Debug|Any CPU
		{84077AAF-4C6E-447E-8267-0B808905AED3}.Debug|Any CPU.Build.0 = Debug|Any CPU
		{84077AAF-4C6E-447E-8267-0B808905AED3}.Release|Any CPU.ActiveCfg = Release|Any CPU
		{84077AAF-4C6E-447E-8267-0B808905AED3}.Release|Any CPU.Build.0 = Release|Any CPU
		{1936072F-46FD-44FE-A72C-8ED8B59F6D60}.Debug|Any CPU.ActiveCfg = Debug|Any CPU
		{1936072F-46FD-44FE-A72C-8ED8B59F6D60}.Debug|Any CPU.Build.0 = Debug|Any CPU
		{1936072F-46FD-44FE-A72C-8ED8B59F6D60}.Release|Any CPU.ActiveCfg = Release|Any CPU
		{1936072F-46FD-44FE-A72C-8ED8B59F6D60}.Release|Any CPU.Build.0 = Release|Any CPU
		{EB77A0F7-40A6-4B4D-8854-9B0C3F4810CA}.Debug|Any CPU.ActiveCfg = Debug|Any CPU
		{EB77A0F7-40A6-4B4D-8854-9B0C3F4810CA}.Debug|Any CPU.Build.0 = Debug|Any CPU
		{EB77A0F7-40A6-4B4D-8854-9B0C3F4810CA}.Debug|Any CPU.Deploy.0 = Debug|Any CPU
		{EB77A0F7-40A6-4B4D-8854-9B0C3F4810CA}.Release|Any CPU.ActiveCfg = Release|Any CPU
		{EB77A0F7-40A6-4B4D-8854-9B0C3F4810CA}.Release|Any CPU.Build.0 = Release|Any CPU
		{EB77A0F7-40A6-4B4D-8854-9B0C3F4810CA}.Release|Any CPU.Deploy.0 = Release|Any CPU
	EndGlobalSection
	GlobalSection(SolutionProperties) = preSolution
		HideSolutionNode = FALSE
	EndGlobalSection
	GlobalSection(ExtensibilityGlobals) = postSolution
		SolutionGuid = {F6780E01-7B19-4B3F-9B91-FBCA93A380D2}
	EndGlobalSection
EndGlobal
