
Microsoft Visual Studio Solution File, Format Version 12.00
# Visual Studio 15
VisualStudioVersion = 15.0.26730.16
MinimumVisualStudioVersion = 10.0.40219.1
Project("{2150E333-8FDC-42A3-9474-1A3956D46DE8}") = "TDD", "TDD", "{05C6A6D9-17D1-4AAA-A0D8-5F9CD5793ABC}"
EndProject
Project("{2150E333-8FDC-42A3-9474-1A3956D46DE8}") = "WebServices", "WebServices", "{804D84C0-57DD-4565-8FDF-1AF522B74C56}"
EndProject
Project("{2150E333-8FDC-42A3-9474-1A3956D46DE8}") = "Core", "Core", "{BB670843-31B8-445C-A5F9-284C3F1C2F5D}"
EndProject
Project("{9A19103F-16F7-4668-BE54-9A1E7A4F7556}") = "WappaChallenge.IoCContainer", "Core\WappaChallenge.IoCContainer\WappaChallenge.IoCContainer.csproj", "{2833CED9-E9B6-44F7-A710-C959BBCC387A}"
EndProject
Project("{9A19103F-16F7-4668-BE54-9A1E7A4F7556}") = "WappaChallenge.Repositorio", "Core\WappaChallenge.Repositorio\WappaChallenge.Repositorio.csproj", "{EEC21219-6D6D-4331-9699-83C331EC974B}"
EndProject
Project("{9A19103F-16F7-4668-BE54-9A1E7A4F7556}") = "WappaChallenge.Dominio", "Core\WappaChallenge.Dominio\WappaChallenge.Dominio.csproj", "{F788957C-7A2D-44C9-8D3F-2DD2D613CEAA}"
EndProject
Project("{2150E333-8FDC-42A3-9474-1A3956D46DE8}") = "Dominio", "Dominio", "{C97EEE6C-33D6-4C32-8309-9811BCC381C5}"
EndProject
Project("{9A19103F-16F7-4668-BE54-9A1E7A4F7556}") = "TDD.TestsCoordenadaGeografica", "TDD\WappaChallenge.TDD.TestsCoordenadaGeografica\TDD.TestsCoordenadaGeografica.csproj", "{538D8B60-1270-4EC7-8B04-5D7A49CA31C5}"
EndProject
Project("{9A19103F-16F7-4668-BE54-9A1E7A4F7556}") = "TDD.TestsEndereco", "TDD\WappaChallenge.TDD.TestsEndereco\TDD.TestsEndereco.csproj", "{CEA1F5E1-C5B3-43D9-8564-52DDFA10DED7}"
EndProject
Project("{9A19103F-16F7-4668-BE54-9A1E7A4F7556}") = "TDD.TestsMotorista", "TDD\WappaChallenge.TDD.TestsMotorista\TDD.TestsMotorista.csproj", "{9DA09EA4-248F-4EC5-959A-275ABD62C88B}"
EndProject
Project("{9A19103F-16F7-4668-BE54-9A1E7A4F7556}") = "TDD.TestsVeiculo", "TDD\WappaChallenge.TDD.TestsVeiculo\TDD.TestsVeiculo.csproj", "{EBD776A7-CC63-443E-97C9-142E9307CC5C}"
EndProject
Project("{9A19103F-16F7-4668-BE54-9A1E7A4F7556}") = "WappaChallenge.AppServices", "Core\WappaChallenge.AppServices\WappaChallenge.AppServices.csproj", "{CBF1E522-F749-4527-A4FA-404B5D55692F}"
EndProject
Project("{9A19103F-16F7-4668-BE54-9A1E7A4F7556}") = "WappaChallenge.DTO", "Core\WappaChallenge.DTO\WappaChallenge.DTO.csproj", "{13F8A1BD-CB0D-4EE9-8874-C2CE46E3EB70}"
EndProject
Project("{2150E333-8FDC-42A3-9474-1A3956D46DE8}") = "Integracao", "Integracao", "{896F15FA-31D0-4626-90C8-401037BC3F7B}"
EndProject
Project("{FAE04EC0-301F-11D3-BF4B-00C04F79EFBC}") = "TDD.TestsGoogleMapsAPI", "TDD\TDD.TestsGoogleMapsAPI\TDD.TestsGoogleMapsAPI.csproj", "{AAF304C1-87DC-45F1-A931-87CCF25B6CF8}"
EndProject
Project("{FAE04EC0-301F-11D3-BF4B-00C04F79EFBC}") = "WappaChallenge.WebAPI.Cadastro", "WebServices\WappaChallenge.WebAPI.Cadastro\WappaChallenge.WebAPI.Cadastro.csproj", "{50C40AC1-EE04-441D-9463-5775C5A4D7B3}"
EndProject
Project("{FAE04EC0-301F-11D3-BF4B-00C04F79EFBC}") = "WappaChallenge.Util", "Core\WappaChallenge.Util\WappaChallenge.Util.csproj", "{0AEB2BA5-6345-4BE3-BB40-5B44D7CE2F0B}"
EndProject
Global
	GlobalSection(SolutionConfigurationPlatforms) = preSolution
		Debug|Any CPU = Debug|Any CPU
		Release|Any CPU = Release|Any CPU
	EndGlobalSection
	GlobalSection(ProjectConfigurationPlatforms) = postSolution
		{2833CED9-E9B6-44F7-A710-C959BBCC387A}.Debug|Any CPU.ActiveCfg = Debug|Any CPU
		{2833CED9-E9B6-44F7-A710-C959BBCC387A}.Debug|Any CPU.Build.0 = Debug|Any CPU
		{2833CED9-E9B6-44F7-A710-C959BBCC387A}.Release|Any CPU.ActiveCfg = Release|Any CPU
		{2833CED9-E9B6-44F7-A710-C959BBCC387A}.Release|Any CPU.Build.0 = Release|Any CPU
		{EEC21219-6D6D-4331-9699-83C331EC974B}.Debug|Any CPU.ActiveCfg = Debug|Any CPU
		{EEC21219-6D6D-4331-9699-83C331EC974B}.Debug|Any CPU.Build.0 = Debug|Any CPU
		{EEC21219-6D6D-4331-9699-83C331EC974B}.Release|Any CPU.ActiveCfg = Release|Any CPU
		{EEC21219-6D6D-4331-9699-83C331EC974B}.Release|Any CPU.Build.0 = Release|Any CPU
		{F788957C-7A2D-44C9-8D3F-2DD2D613CEAA}.Debug|Any CPU.ActiveCfg = Debug|Any CPU
		{F788957C-7A2D-44C9-8D3F-2DD2D613CEAA}.Debug|Any CPU.Build.0 = Debug|Any CPU
		{F788957C-7A2D-44C9-8D3F-2DD2D613CEAA}.Release|Any CPU.ActiveCfg = Release|Any CPU
		{F788957C-7A2D-44C9-8D3F-2DD2D613CEAA}.Release|Any CPU.Build.0 = Release|Any CPU
		{538D8B60-1270-4EC7-8B04-5D7A49CA31C5}.Debug|Any CPU.ActiveCfg = Debug|Any CPU
		{538D8B60-1270-4EC7-8B04-5D7A49CA31C5}.Debug|Any CPU.Build.0 = Debug|Any CPU
		{538D8B60-1270-4EC7-8B04-5D7A49CA31C5}.Release|Any CPU.ActiveCfg = Release|Any CPU
		{538D8B60-1270-4EC7-8B04-5D7A49CA31C5}.Release|Any CPU.Build.0 = Release|Any CPU
		{CEA1F5E1-C5B3-43D9-8564-52DDFA10DED7}.Debug|Any CPU.ActiveCfg = Debug|Any CPU
		{CEA1F5E1-C5B3-43D9-8564-52DDFA10DED7}.Debug|Any CPU.Build.0 = Debug|Any CPU
		{CEA1F5E1-C5B3-43D9-8564-52DDFA10DED7}.Release|Any CPU.ActiveCfg = Release|Any CPU
		{CEA1F5E1-C5B3-43D9-8564-52DDFA10DED7}.Release|Any CPU.Build.0 = Release|Any CPU
		{9DA09EA4-248F-4EC5-959A-275ABD62C88B}.Debug|Any CPU.ActiveCfg = Debug|Any CPU
		{9DA09EA4-248F-4EC5-959A-275ABD62C88B}.Debug|Any CPU.Build.0 = Debug|Any CPU
		{9DA09EA4-248F-4EC5-959A-275ABD62C88B}.Release|Any CPU.ActiveCfg = Release|Any CPU
		{9DA09EA4-248F-4EC5-959A-275ABD62C88B}.Release|Any CPU.Build.0 = Release|Any CPU
		{EBD776A7-CC63-443E-97C9-142E9307CC5C}.Debug|Any CPU.ActiveCfg = Debug|Any CPU
		{EBD776A7-CC63-443E-97C9-142E9307CC5C}.Debug|Any CPU.Build.0 = Debug|Any CPU
		{EBD776A7-CC63-443E-97C9-142E9307CC5C}.Release|Any CPU.ActiveCfg = Release|Any CPU
		{EBD776A7-CC63-443E-97C9-142E9307CC5C}.Release|Any CPU.Build.0 = Release|Any CPU
		{CBF1E522-F749-4527-A4FA-404B5D55692F}.Debug|Any CPU.ActiveCfg = Debug|Any CPU
		{CBF1E522-F749-4527-A4FA-404B5D55692F}.Debug|Any CPU.Build.0 = Debug|Any CPU
		{CBF1E522-F749-4527-A4FA-404B5D55692F}.Release|Any CPU.ActiveCfg = Release|Any CPU
		{CBF1E522-F749-4527-A4FA-404B5D55692F}.Release|Any CPU.Build.0 = Release|Any CPU
		{13F8A1BD-CB0D-4EE9-8874-C2CE46E3EB70}.Debug|Any CPU.ActiveCfg = Debug|Any CPU
		{13F8A1BD-CB0D-4EE9-8874-C2CE46E3EB70}.Debug|Any CPU.Build.0 = Debug|Any CPU
		{13F8A1BD-CB0D-4EE9-8874-C2CE46E3EB70}.Release|Any CPU.ActiveCfg = Release|Any CPU
		{13F8A1BD-CB0D-4EE9-8874-C2CE46E3EB70}.Release|Any CPU.Build.0 = Release|Any CPU
		{AAF304C1-87DC-45F1-A931-87CCF25B6CF8}.Debug|Any CPU.ActiveCfg = Debug|Any CPU
		{AAF304C1-87DC-45F1-A931-87CCF25B6CF8}.Debug|Any CPU.Build.0 = Debug|Any CPU
		{AAF304C1-87DC-45F1-A931-87CCF25B6CF8}.Release|Any CPU.ActiveCfg = Release|Any CPU
		{AAF304C1-87DC-45F1-A931-87CCF25B6CF8}.Release|Any CPU.Build.0 = Release|Any CPU
		{50C40AC1-EE04-441D-9463-5775C5A4D7B3}.Debug|Any CPU.ActiveCfg = Debug|Any CPU
		{50C40AC1-EE04-441D-9463-5775C5A4D7B3}.Debug|Any CPU.Build.0 = Debug|Any CPU
		{50C40AC1-EE04-441D-9463-5775C5A4D7B3}.Release|Any CPU.ActiveCfg = Release|Any CPU
		{50C40AC1-EE04-441D-9463-5775C5A4D7B3}.Release|Any CPU.Build.0 = Release|Any CPU
		{0AEB2BA5-6345-4BE3-BB40-5B44D7CE2F0B}.Debug|Any CPU.ActiveCfg = Debug|Any CPU
		{0AEB2BA5-6345-4BE3-BB40-5B44D7CE2F0B}.Debug|Any CPU.Build.0 = Debug|Any CPU
		{0AEB2BA5-6345-4BE3-BB40-5B44D7CE2F0B}.Release|Any CPU.ActiveCfg = Release|Any CPU
		{0AEB2BA5-6345-4BE3-BB40-5B44D7CE2F0B}.Release|Any CPU.Build.0 = Release|Any CPU
	EndGlobalSection
	GlobalSection(SolutionProperties) = preSolution
		HideSolutionNode = FALSE
	EndGlobalSection
	GlobalSection(NestedProjects) = preSolution
		{2833CED9-E9B6-44F7-A710-C959BBCC387A} = {BB670843-31B8-445C-A5F9-284C3F1C2F5D}
		{EEC21219-6D6D-4331-9699-83C331EC974B} = {BB670843-31B8-445C-A5F9-284C3F1C2F5D}
		{F788957C-7A2D-44C9-8D3F-2DD2D613CEAA} = {BB670843-31B8-445C-A5F9-284C3F1C2F5D}
		{C97EEE6C-33D6-4C32-8309-9811BCC381C5} = {05C6A6D9-17D1-4AAA-A0D8-5F9CD5793ABC}
		{538D8B60-1270-4EC7-8B04-5D7A49CA31C5} = {C97EEE6C-33D6-4C32-8309-9811BCC381C5}
		{CEA1F5E1-C5B3-43D9-8564-52DDFA10DED7} = {C97EEE6C-33D6-4C32-8309-9811BCC381C5}
		{9DA09EA4-248F-4EC5-959A-275ABD62C88B} = {C97EEE6C-33D6-4C32-8309-9811BCC381C5}
		{EBD776A7-CC63-443E-97C9-142E9307CC5C} = {C97EEE6C-33D6-4C32-8309-9811BCC381C5}
		{CBF1E522-F749-4527-A4FA-404B5D55692F} = {BB670843-31B8-445C-A5F9-284C3F1C2F5D}
		{13F8A1BD-CB0D-4EE9-8874-C2CE46E3EB70} = {BB670843-31B8-445C-A5F9-284C3F1C2F5D}
		{896F15FA-31D0-4626-90C8-401037BC3F7B} = {05C6A6D9-17D1-4AAA-A0D8-5F9CD5793ABC}
		{AAF304C1-87DC-45F1-A931-87CCF25B6CF8} = {896F15FA-31D0-4626-90C8-401037BC3F7B}
		{50C40AC1-EE04-441D-9463-5775C5A4D7B3} = {804D84C0-57DD-4565-8FDF-1AF522B74C56}
		{0AEB2BA5-6345-4BE3-BB40-5B44D7CE2F0B} = {BB670843-31B8-445C-A5F9-284C3F1C2F5D}
	EndGlobalSection
	GlobalSection(ExtensibilityGlobals) = postSolution
		SolutionGuid = {68D65FC0-2E11-42F4-881A-76F80E4E786E}
	EndGlobalSection
EndGlobal
