
Microsoft Visual Studio Solution File, Format Version 12.00
# Visual Studio Version 16
VisualStudioVersion = 16.0.28711.60
MinimumVisualStudioVersion = 10.0.40219.1
Project("{9A19103F-16F7-4668-BE54-9A1E7A4F7556}") = "Wappa.API", "Wappa.API\Wappa.API.csproj", "{C68B1CCD-3F1C-4594-8E03-8D6C6FC999C6}"
EndProject
Project("{2150E333-8FDC-42A3-9474-1A3956D46DE8}") = "Infrastructure.Data", "Infrastructure.Data", "{F6DA868A-3BE3-4498-BC26-8D73450B578C}"
EndProject
Project("{9A19103F-16F7-4668-BE54-9A1E7A4F7556}") = "Wappa.Infrastructure.Data", "Wapp.Infraestructure.Data\Wapp.Infraestructure.Data\Wappa.Infrastructure.Data.csproj", "{28D733DE-40B8-49FC-B66C-183B035534B4}"
EndProject
Project("{2150E333-8FDC-42A3-9474-1A3956D46DE8}") = "Infrastructure.Service", "Infrastructure.Service", "{3555170E-9878-4262-831E-431D69025CCF}"
EndProject
Project("{FAE04EC0-301F-11D3-BF4B-00C04F79EFBC}") = "Wappa.Infrastructure.Service", "Wappa.Infrastructure.Service\Wappa.Infrastructure.Service\Wappa.Infrastructure.Service.csproj", "{EF515F9C-B15A-4ED3-8674-6D0CCC0814B5}"
EndProject
Global
	GlobalSection(SolutionConfigurationPlatforms) = preSolution
		Debug|Any CPU = Debug|Any CPU
		Release|Any CPU = Release|Any CPU
	EndGlobalSection
	GlobalSection(ProjectConfigurationPlatforms) = postSolution
		{C68B1CCD-3F1C-4594-8E03-8D6C6FC999C6}.Debug|Any CPU.ActiveCfg = Debug|Any CPU
		{C68B1CCD-3F1C-4594-8E03-8D6C6FC999C6}.Debug|Any CPU.Build.0 = Debug|Any CPU
		{C68B1CCD-3F1C-4594-8E03-8D6C6FC999C6}.Release|Any CPU.ActiveCfg = Release|Any CPU
		{C68B1CCD-3F1C-4594-8E03-8D6C6FC999C6}.Release|Any CPU.Build.0 = Release|Any CPU
		{28D733DE-40B8-49FC-B66C-183B035534B4}.Debug|Any CPU.ActiveCfg = Debug|Any CPU
		{28D733DE-40B8-49FC-B66C-183B035534B4}.Debug|Any CPU.Build.0 = Debug|Any CPU
		{28D733DE-40B8-49FC-B66C-183B035534B4}.Release|Any CPU.ActiveCfg = Release|Any CPU
		{28D733DE-40B8-49FC-B66C-183B035534B4}.Release|Any CPU.Build.0 = Release|Any CPU
		{EF515F9C-B15A-4ED3-8674-6D0CCC0814B5}.Debug|Any CPU.ActiveCfg = Debug|Any CPU
		{EF515F9C-B15A-4ED3-8674-6D0CCC0814B5}.Debug|Any CPU.Build.0 = Debug|Any CPU
		{EF515F9C-B15A-4ED3-8674-6D0CCC0814B5}.Release|Any CPU.ActiveCfg = Release|Any CPU
		{EF515F9C-B15A-4ED3-8674-6D0CCC0814B5}.Release|Any CPU.Build.0 = Release|Any CPU
	EndGlobalSection
	GlobalSection(SolutionProperties) = preSolution
		HideSolutionNode = FALSE
	EndGlobalSection
	GlobalSection(NestedProjects) = preSolution
		{28D733DE-40B8-49FC-B66C-183B035534B4} = {F6DA868A-3BE3-4498-BC26-8D73450B578C}
		{EF515F9C-B15A-4ED3-8674-6D0CCC0814B5} = {3555170E-9878-4262-831E-431D69025CCF}
	EndGlobalSection
	GlobalSection(ExtensibilityGlobals) = postSolution
		SolutionGuid = {83F7ABDB-CB9D-468F-812A-26B98885C199}
	EndGlobalSection
EndGlobal
